
Microsoft Visual Studio Solution File, Format Version 12.00
# Visual Studio 15
VisualStudioVersion = 15.0.27703.2026
MinimumVisualStudioVersion = 10.0.40219.1
Project("{FAE04EC0-301F-11D3-BF4B-00C04F79EFBC}") = "Inheritance", "Inheritance\Inheritance.csproj", "{FDCD4DED-8746-4E6F-B355-3E7C38114C0B}"
EndProject
Global
	GlobalSection(SolutionConfigurationPlatforms) = preSolution
		Debug|Any CPU = Debug|Any CPU
		Release|Any CPU = Release|Any CPU
	EndGlobalSection
	GlobalSection(ProjectConfigurationPlatforms) = postSolution
		{FDCD4DED-8746-4E6F-B355-3E7C38114C0B}.Debug|Any CPU.ActiveCfg = Debug|Any CPU
		{FDCD4DED-8746-4E6F-B355-3E7C38114C0B}.Debug|Any CPU.Build.0 = Debug|Any CPU
		{FDCD4DED-8746-4E6F-B355-3E7C38114C0B}.Release|Any CPU.ActiveCfg = Release|Any CPU
		{FDCD4DED-8746-4E6F-B355-3E7C38114C0B}.Release|Any CPU.Build.0 = Release|Any CPU
	EndGlobalSection
	GlobalSection(SolutionProperties) = preSolution
		HideSolutionNode = FALSE
	EndGlobalSection
	GlobalSection(ExtensibilityGlobals) = postSolution
		SolutionGuid = {DE08C956-2CA4-414B-9966-8F8218745C5D}
	EndGlobalSection
EndGlobal
